
Microsoft Visual Studio Solution File, Format Version 12.00
# Visual Studio 14
VisualStudioVersion = 14.0.25420.1
MinimumVisualStudioVersion = 10.0.40219.1
Project("{151D2E53-A2C4-4D7D-83FE-D05416EBD58E}") = "deploy-vnet-and-nano-server", "deploy-vnet-and-nano-server\deploy-vnet-and-nano-server.deployproj", "{BCA413F9-751F-4B0C-9B29-47D7970D4139}"
EndProject
Global
	GlobalSection(SolutionConfigurationPlatforms) = preSolution
		Debug|Any CPU = Debug|Any CPU
		Release|Any CPU = Release|Any CPU
	EndGlobalSection
	GlobalSection(ProjectConfigurationPlatforms) = postSolution
		{BCA413F9-751F-4B0C-9B29-47D7970D4139}.Debug|Any CPU.ActiveCfg = Debug|Any CPU
		{BCA413F9-751F-4B0C-9B29-47D7970D4139}.Debug|Any CPU.Build.0 = Debug|Any CPU
		{BCA413F9-751F-4B0C-9B29-47D7970D4139}.Release|Any CPU.ActiveCfg = Release|Any CPU
		{BCA413F9-751F-4B0C-9B29-47D7970D4139}.Release|Any CPU.Build.0 = Release|Any CPU
	EndGlobalSection
	GlobalSection(SolutionProperties) = preSolution
		HideSolutionNode = FALSE
	EndGlobalSection
EndGlobal
